
Microsoft Visual Studio Solution File, Format Version 12.00
# Visual Studio 15
VisualStudioVersion = 15.0.26124.0
MinimumVisualStudioVersion = 15.0.26124.0
Project("{FAE04EC0-301F-11D3-BF4B-00C04F79EFBC}") = "Core.Domain", "Core.Domain\Core.Domain.csproj", "{A35BB1FB-1BAD-4175-A662-2C55744CDCFE}"
EndProject
Project("{FAE04EC0-301F-11D3-BF4B-00C04F79EFBC}") = "Core.Application", "Core.Application\Core.Application.csproj", "{924535C7-C276-4112-A923-94A186E764EB}"
EndProject
Global
	GlobalSection(SolutionConfigurationPlatforms) = preSolution
		Debug|Any CPU = Debug|Any CPU
		Debug|x64 = Debug|x64
		Debug|x86 = Debug|x86
		Release|Any CPU = Release|Any CPU
		Release|x64 = Release|x64
		Release|x86 = Release|x86
	EndGlobalSection
	GlobalSection(SolutionProperties) = preSolution
		HideSolutionNode = FALSE
	EndGlobalSection
	GlobalSection(ProjectConfigurationPlatforms) = postSolution
		{A35BB1FB-1BAD-4175-A662-2C55744CDCFE}.Debug|Any CPU.ActiveCfg = Debug|Any CPU
		{A35BB1FB-1BAD-4175-A662-2C55744CDCFE}.Debug|Any CPU.Build.0 = Debug|Any CPU
		{A35BB1FB-1BAD-4175-A662-2C55744CDCFE}.Debug|x64.ActiveCfg = Debug|Any CPU
		{A35BB1FB-1BAD-4175-A662-2C55744CDCFE}.Debug|x64.Build.0 = Debug|Any CPU
		{A35BB1FB-1BAD-4175-A662-2C55744CDCFE}.Debug|x86.ActiveCfg = Debug|Any CPU
		{A35BB1FB-1BAD-4175-A662-2C55744CDCFE}.Debug|x86.Build.0 = Debug|Any CPU
		{A35BB1FB-1BAD-4175-A662-2C55744CDCFE}.Release|Any CPU.ActiveCfg = Release|Any CPU
		{A35BB1FB-1BAD-4175-A662-2C55744CDCFE}.Release|Any CPU.Build.0 = Release|Any CPU
		{A35BB1FB-1BAD-4175-A662-2C55744CDCFE}.Release|x64.ActiveCfg = Release|Any CPU
		{A35BB1FB-1BAD-4175-A662-2C55744CDCFE}.Release|x64.Build.0 = Release|Any CPU
		{A35BB1FB-1BAD-4175-A662-2C55744CDCFE}.Release|x86.ActiveCfg = Release|Any CPU
		{A35BB1FB-1BAD-4175-A662-2C55744CDCFE}.Release|x86.Build.0 = Release|Any CPU
		{924535C7-C276-4112-A923-94A186E764EB}.Debug|Any CPU.ActiveCfg = Debug|Any CPU
		{924535C7-C276-4112-A923-94A186E764EB}.Debug|Any CPU.Build.0 = Debug|Any CPU
		{924535C7-C276-4112-A923-94A186E764EB}.Debug|x64.ActiveCfg = Debug|Any CPU
		{924535C7-C276-4112-A923-94A186E764EB}.Debug|x64.Build.0 = Debug|Any CPU
		{924535C7-C276-4112-A923-94A186E764EB}.Debug|x86.ActiveCfg = Debug|Any CPU
		{924535C7-C276-4112-A923-94A186E764EB}.Debug|x86.Build.0 = Debug|Any CPU
		{924535C7-C276-4112-A923-94A186E764EB}.Release|Any CPU.ActiveCfg = Release|Any CPU
		{924535C7-C276-4112-A923-94A186E764EB}.Release|Any CPU.Build.0 = Release|Any CPU
		{924535C7-C276-4112-A923-94A186E764EB}.Release|x64.ActiveCfg = Release|Any CPU
		{924535C7-C276-4112-A923-94A186E764EB}.Release|x64.Build.0 = Release|Any CPU
		{924535C7-C276-4112-A923-94A186E764EB}.Release|x86.ActiveCfg = Release|Any CPU
		{924535C7-C276-4112-A923-94A186E764EB}.Release|x86.Build.0 = Release|Any CPU
	EndGlobalSection
EndGlobal
